# @generated - this file is auto-generated by `mise lock` https://mise.jdx.dev/dev-tools/mise-lock.html

lockfile_version = 2

[[tools.go]]
version = "1.27.1"
backend = "core:go"
specifiers = ["1.27.1"]

[tools.go."platforms.linux-arm64"]
checksum = "sha256:3450b45a3f9ee8568792736a5c5e70a1f2e9b36c35a8f74958c03e51d7d92bec"
url = "https://dl.google.com/go/go1.27.1.linux-arm64.tar.gz"

[tools.go."platforms.linux-arm64-musl"]
checksum = "sha256:3450b45a3f9ee8568792736a5c5e70a1f2e9b36c35a8f74958c03e51d7d92bec"
url = "https://dl.google.com/go/go1.27.1.linux-arm64.tar.gz"

[tools.go."platforms.linux-x64"]
checksum = "sha256:63d339f0da5ab53635a56f2490a7984dfe12dfcff22ad749f63edaf590168445"
url = "https://dl.google.com/go/go1.27.1.linux-amd64.tar.gz"

[tools.go."platforms.linux-x64-musl"]
checksum = "sha256:63d339f0da5ab53635a56f2490a7984dfe12dfcff22ad749f63edaf590168445"
url = "https://dl.google.com/go/go1.27.1.linux-amd64.tar.gz"

[tools.go."platforms.macos-arm64"]
checksum = "sha256:ee215d57e0ec269c60cc9ceca68e6bda321ba9ee5afe24f4b0988703c2d87d12"
url = "https://dl.google.com/go/go1.27.1.darwin-arm64.tar.gz"

[tools.go."platforms.macos-x64"]
checksum = "sha256:8f8f52c6649542cf027bbc9b9c68d1ec042f9f34808a40413f0b8b3f66f3caa4"
url = "https://dl.google.com/go/go1.27.1.darwin-amd64.tar.gz"

[tools.go."platforms.windows-x64"]
checksum = "sha256:a3911b5e0e1b1053f25ed0675f4c1c6aad1e2bfcf253df2b9be4caabd2edd95d"
url = "https://dl.google.com/go/go1.27.1.windows-amd64.zip"

[[tools.kubebuilder]]
version = "4.16.0"
backend = "aqua:kubernetes-sigs/kubebuilder"
specifiers = ["4.16.0"]

[tools.kubebuilder."platforms.linux-arm64"]
checksum = "sha256:6833432c8faab62d2ca6b583f32c88b0a3d1b7264562739c202084c996a55845"
url = "https://github.com/kubernetes-sigs/kubebuilder/releases/download/v4.16.0/kubebuilder_linux_arm64"
url_api = "https://api.github.com/repos/kubernetes-sigs/kubebuilder/releases/assets/554787208"

[tools.kubebuilder."platforms.linux-arm64-musl"]
checksum = "sha256:6833432c8faab62d2ca6b583f32c88b0a3d1b7264562739c202084c996a55845"
url = "https://github.com/kubernetes-sigs/kubebuilder/releases/download/v4.16.0/kubebuilder_linux_arm64"
url_api = "https://api.github.com/repos/kubernetes-sigs/kubebuilder/releases/assets/554787208"

[tools.kubebuilder."platforms.linux-x64"]
checksum = "sha256:539984e58832044f2326b1bb940c1eaf784f1849e65d06d3a4a4a8b5dfac7ca7"
url = "https://github.com/kubernetes-sigs/kubebuilder/releases/download/v4.16.0/kubebuilder_linux_amd64"
url_api = "https://api.github.com/repos/kubernetes-sigs/kubebuilder/releases/assets/554787205"

[tools.kubebuilder."platforms.linux-x64-musl"]
checksum = "sha256:539984e58832044f2326b1bb940c1eaf784f1849e65d06d3a4a4a8b5dfac7ca7"
url = "https://github.com/kubernetes-sigs/kubebuilder/releases/download/v4.16.0/kubebuilder_linux_amd64"
url_api = "https://api.github.com/repos/kubernetes-sigs/kubebuilder/releases/assets/554787205"

[tools.kubebuilder."platforms.macos-arm64"]
checksum = "sha256:69f5e207cf35193c78546b0e6dccfc42c44b24ceba81d3e22bab453ae118c328"
url = "https://github.com/kubernetes-sigs/kubebuilder/releases/download/v4.16.0/kubebuilder_darwin_arm64"
url_api = "https://api.github.com/repos/kubernetes-sigs/kubebuilder/releases/assets/554787206"

[tools.kubebuilder."platforms.macos-x64"]
checksum = "sha256:110d913c131d8eb41000b573d73e62c75777bbddeaea61626ed06d7fecad7ac7"
url = "https://github.com/kubernetes-sigs/kubebuilder/releases/download/v4.16.0/kubebuilder_darwin_amd64"
url_api = "https://api.github.com/repos/kubernetes-sigs/kubebuilder/releases/assets/554787203"
